
Microsoft Visual Studio Solution File, Format Version 12.00
# Visual Studio Version 17
VisualStudioVersion = 17.12.35527.113 d17.12
MinimumVisualStudioVersion = 10.0.40219.1
Project("{FAE04EC0-301F-11D3-BF4B-00C04F79EFBC}") = "Classes_abstratas", "Classes_abstratas\Classes_abstratas.csproj", "{079727CB-0F1E-4370-B731-85296A46E94A}"
EndProject
Global
	GlobalSection(SolutionConfigurationPlatforms) = preSolution
		Debug|Any CPU = Debug|Any CPU
		Release|Any CPU = Release|Any CPU
	EndGlobalSection
	GlobalSection(ProjectConfigurationPlatforms) = postSolution
		{079727CB-0F1E-4370-B731-85296A46E94A}.Debug|Any CPU.ActiveCfg = Debug|Any CPU
		{079727CB-0F1E-4370-B731-85296A46E94A}.Debug|Any CPU.Build.0 = Debug|Any CPU
		{079727CB-0F1E-4370-B731-85296A46E94A}.Release|Any CPU.ActiveCfg = Release|Any CPU
		{079727CB-0F1E-4370-B731-85296A46E94A}.Release|Any CPU.Build.0 = Release|Any CPU
	EndGlobalSection
	GlobalSection(SolutionProperties) = preSolution
		HideSolutionNode = FALSE
	EndGlobalSection
EndGlobal
